// !$*UTF8*$!
{
	archiveVersion = 1;
	classes = {
	};
	objectVersion = 77;
	objects = {

/* Begin PBXBuildFile section */
		8CA3B2B72D964A3B0009C0D6 /* FirebaseFirestoreCombine-Community in Frameworks */ = {isa = PBXBuildFile; productRef = 8CA3B2B62D964A3B0009C0D6 /* FirebaseFirestoreCombine-Community */; };
		8CA3B2B92D964A3B0009C0D6 /* FirebaseStorageCombine-Community in Frameworks */ = {isa = PBXBuildFile; productRef = 8CA3B2B82D964A3B0009C0D6 /* FirebaseStorageCombine-Community */; };
		8CF47E792D94BF9800205465 /* FirebaseAnalytics in Frameworks */ = {isa = PBXBuildFile; productRef = 8CF47E782D94BF9800205465 /* FirebaseAnalytics */; };
		8CF47E7B2D94BF9800205465 /* FirebaseAppCheck in Frameworks */ = {isa = PBXBuildFile; productRef = 8CF47E7A2D94BF9800205465 /* FirebaseAppCheck */; };
		8CF47E7D2D94BF9800205465 /* FirebaseAuth in Frameworks */ = {isa = PBXBuildFile; productRef = 8CF47E7C2D94BF9800205465 /* FirebaseAuth */; };
		8CF47E7F2D94BF9800205465 /* FirebaseAuthCombine-Community in Frameworks */ = {isa = PBXBuildFile; productRef = 8CF47E7E2D94BF9800205465 /* FirebaseAuthCombine-Community */; };
		8CF47E812D94BF9800205465 /* FirebaseDatabase in Frameworks */ = {isa = PBXBuildFile; productRef = 8CF47E802D94BF9800205465 /* FirebaseDatabase */; };
		8CF47E832D94BF9800205465 /* FirebaseFirestore in Frameworks */ = {isa = PBXBuildFile; productRef = 8CF47E822D94BF9800205465 /* FirebaseFirestore */; };
		8CF47E852D94BF9800205465 /* FirebaseFunctions in Frameworks */ = {isa = PBXBuildFile; productRef = 8CF47E842D94BF9800205465 /* FirebaseFunctions */; };
		8CF47E872D94BF9800205465 /* FirebaseStorage in Frameworks */ = {isa = PBXBuildFile; productRef = 8CF47E862D94BF9800205465 /* FirebaseStorage */; };
/* End PBXBuildFile section */

/* Begin PBXContainerItemProxy section */
		8CF47E592D94B94D00205465 /* PBXContainerItemProxy */ = {
			isa = PBXContainerItemProxy;
			containerPortal = 8CF47E402D94B94A00205465 /* Project object */;
			proxyType = 1;
			remoteGlobalIDString = 8CF47E472D94B94A00205465;
			remoteInfo = Cyprus;
		};
		8CF47E632D94B94D00205465 /* PBXContainerItemProxy */ = {
			isa = PBXContainerItemProxy;
			containerPortal = 8CF47E402D94B94A00205465 /* Project object */;
			proxyType = 1;
			remoteGlobalIDString = 8CF47E472D94B94A00205465;
			remoteInfo = Cyprus;
		};
/* End PBXContainerItemProxy section */

/* Begin PBXFileReference section */
		8CF47E482D94B94A00205465 /* Cyprus.app */ = {isa = PBXFileReference; explicitFileType = wrapper.application; includeInIndex = 0; path = Cyprus.app; sourceTree = BUILT_PRODUCTS_DIR; };
		8CF47E582D94B94D00205465 /* CyprusTests.xctest */ = {isa = PBXFileReference; explicitFileType = wrapper.cfbundle; includeInIndex = 0; path = CyprusTests.xctest; sourceTree = BUILT_PRODUCTS_DIR; };
		8CF47E622D94B94D00205465 /* CyprusUITests.xctest */ = {isa = PBXFileReference; explicitFileType = wrapper.cfbundle; includeInIndex = 0; path = CyprusUITests.xctest; sourceTree = BUILT_PRODUCTS_DIR; };
/* End PBXFileReference section */

/* Begin PBXFileSystemSynchronizedRootGroup section */
		8CF47E4A2D94B94A00205465 /* Cyprus */ = {
			isa = PBXFileSystemSynchronizedRootGroup;
			path = Cyprus;
			sourceTree = "<group>";
		};
		8CF47E5B2D94B94D00205465 /* CyprusTests */ = {
			isa = PBXFileSystemSynchronizedRootGroup;
			path = CyprusTests;
			sourceTree = "<group>";
		};
		8CF47E652D94B94D00205465 /* CyprusUITests */ = {
			isa = PBXFileSystemSynchronizedRootGroup;
			path = CyprusUITests;
			sourceTree = "<group>";
		};
/* End PBXFileSystemSynchronizedRootGroup section */

/* Begin PBXFrameworksBuildPhase section */
		8CF47E452D94B94A00205465 /* Frameworks */ = {
			isa = PBXFrameworksBuildPhase;
			buildActionMask = 2147483647;
			files = (
				8CF47E812D94BF9800205465 /* FirebaseDatabase in Frameworks */,
				8CF47E852D94BF9800205465 /* FirebaseFunctions in Frameworks */,
				8CA3B2B92D964A3B0009C0D6 /* FirebaseStorageCombine-Community in Frameworks */,
				8CF47E7B2D94BF9800205465 /* FirebaseAppCheck in Frameworks */,
				8CA3B2B72D964A3B0009C0D6 /* FirebaseFirestoreCombine-Community in Frameworks */,
				8CF47E7D2D94BF9800205465 /* FirebaseAuth in Frameworks */,
				8CF47E792D94BF9800205465 /* FirebaseAnalytics in Frameworks */,
				8CF47E872D94BF9800205465 /* FirebaseStorage in Frameworks */,
				8CF47E7F2D94BF9800205465 /* FirebaseAuthCombine-Community in Frameworks */,
				8CF47E832D94BF9800205465 /* FirebaseFirestore in Frameworks */,
			);
			runOnlyForDeploymentPostprocessing = 0;
		};
		8CF47E552D94B94D00205465 /* Frameworks */ = {
			isa = PBXFrameworksBuildPhase;
			buildActionMask = 2147483647;
			files = (
			);
			runOnlyForDeploymentPostprocessing = 0;
		};
		8CF47E5F2D94B94D00205465 /* Frameworks */ = {
			isa = PBXFrameworksBuildPhase;
			buildActionMask = 2147483647;
			files = (
			);
			runOnlyForDeploymentPostprocessing = 0;
		};
/* End PBXFrameworksBuildPhase section */

/* Begin PBXGroup section */
		8CF47E3F2D94B94A00205465 = {
			isa = PBXGroup;
			children = (
				8CF47E4A2D94B94A00205465 /* Cyprus */,
				8CF47E5B2D94B94D00205465 /* CyprusTests */,
				8CF47E652D94B94D00205465 /* CyprusUITests */,
				8CF47E492D94B94A00205465 /* Products */,
			);
			sourceTree = "<group>";
		};
		8CF47E492D94B94A00205465 /* Products */ = {
			isa = PBXGroup;
			children = (
				8CF47E482D94B94A00205465 /* Cyprus.app */,
				8CF47E582D94B94D00205465 /* CyprusTests.xctest */,
				8CF47E622D94B94D00205465 /* CyprusUITests.xctest */,
			);
			name = Products;
			sourceTree = "<group>";
		};
/* End PBXGroup section */

/* Begin PBXNativeTarget section */
		8CF47E472D94B94A00205465 /* Cyprus */ = {
			isa = PBXNativeTarget;
			buildConfigurationList = 8CF47E6C2D94B94D00205465 /* Build configuration list for PBXNativeTarget "Cyprus" */;
			buildPhases = (
				8CF47E442D94B94A00205465 /* Sources */,
				8CF47E452D94B94A00205465 /* Frameworks */,
				8CF47E462D94B94A00205465 /* Resources */,
			);
			buildRules = (
			);
			dependencies = (
			);
			fileSystemSynchronizedGroups = (
				8CF47E4A2D94B94A00205465 /* Cyprus */,
			);
			name = Cyprus;
			packageProductDependencies = (
				8CF47E782D94BF9800205465 /* FirebaseAnalytics */,
				8CF47E7A2D94BF9800205465 /* FirebaseAppCheck */,
				8CF47E7C2D94BF9800205465 /* FirebaseAuth */,
				8CF47E7E2D94BF9800205465 /* FirebaseAuthCombine-Community */,
				8CF47E802D94BF9800205465 /* FirebaseDatabase */,
				8CF47E822D94BF9800205465 /* FirebaseFirestore */,
				8CF47E842D94BF9800205465 /* FirebaseFunctions */,
				8CF47E862D94BF9800205465 /* FirebaseStorage */,
				8CA3B2B62D964A3B0009C0D6 /* FirebaseFirestoreCombine-Community */,
				8CA3B2B82D964A3B0009C0D6 /* FirebaseStorageCombine-Community */,
			);
			productName = Cyprus;
			productReference = 8CF47E482D94B94A00205465 /* Cyprus.app */;
			productType = "com.apple.product-type.application";
		};
		8CF47E572D94B94D00205465 /* CyprusTests */ = {
			isa = PBXNativeTarget;
			buildConfigurationList = 8CF47E6F2D94B94D00205465 /* Build configuration list for PBXNativeTarget "CyprusTests" */;
			buildPhases = (
				8CF47E542D94B94D00205465 /* Sources */,
				8CF47E552D94B94D00205465 /* Frameworks */,
				8CF47E562D94B94D00205465 /* Resources */,
			);
			buildRules = (
			);
			dependencies = (
				8CF47E5A2D94B94D00205465 /* PBXTargetDependency */,
			);
			fileSystemSynchronizedGroups = (
				8CF47E5B2D94B94D00205465 /* CyprusTests */,
			);
			name = CyprusTests;
			packageProductDependencies = (
			);
			productName = CyprusTests;
			productReference = 8CF47E582D94B94D00205465 /* CyprusTests.xctest */;
			productType = "com.apple.product-type.bundle.unit-test";
		};
		8CF47E612D94B94D00205465 /* CyprusUITests */ = {
			isa = PBXNativeTarget;
			buildConfigurationList = 8CF47E722D94B94D00205465 /* Build configuration list for PBXNativeTarget "CyprusUITests" */;
			buildPhases = (
				8CF47E5E2D94B94D00205465 /* Sources */,
				8CF47E5F2D94B94D00205465 /* Frameworks */,
				8CF47E602D94B94D00205465 /* Resources */,
			);
			buildRules = (
			);
			dependencies = (
				8CF47E642D94B94D00205465 /* PBXTargetDependency */,
			);
			fileSystemSynchronizedGroups = (
				8CF47E652D94B94D00205465 /* CyprusUITests */,
			);
			name = CyprusUITests;
			packageProductDependencies = (
			);
			productName = CyprusUITests;
			productReference = 8CF47E622D94B94D00205465 /* CyprusUITests.xctest */;
			productType = "com.apple.product-type.bundle.ui-testing";
		};
/* End PBXNativeTarget section */

/* Begin PBXProject section */
		8CF47E402D94B94A00205465 /* Project object */ = {
			isa = PBXProject;
			attributes = {
				BuildIndependentTargetsInParallel = 1;
				LastSwiftUpdateCheck = 1620;
				LastUpgradeCheck = 1620;
				TargetAttributes = {
					8CF47E472D94B94A00205465 = {
						CreatedOnToolsVersion = 16.2;
					};
					8CF47E572D94B94D00205465 = {
						CreatedOnToolsVersion = 16.2;
						TestTargetID = 8CF47E472D94B94A00205465;
					};
					8CF47E612D94B94D00205465 = {
						CreatedOnToolsVersion = 16.2;
						TestTargetID = 8CF47E472D94B94A00205465;
					};
				};
			};
			buildConfigurationList = 8CF47E432D94B94A00205465 /* Build configuration list for PBXProject "Cyprus" */;
			developmentRegion = en;
			hasScannedForEncodings = 0;
			knownRegions = (
				en,
				Base,
			);
			mainGroup = 8CF47E3F2D94B94A00205465;
			minimizedProjectReferenceProxies = 1;
			packageReferences = (
				8CF47E772D94BF9800205465 /* XCRemoteSwiftPackageReference "firebase-ios-sdk" */,
			);
			preferredProjectObjectVersion = 77;
			productRefGroup = 8CF47E492D94B94A00205465 /* Products */;
			projectDirPath = "";
			projectRoot = "";
			targets = (
				8CF47E472D94B94A00205465 /* Cyprus */,
				8CF47E572D94B94D00205465 /* CyprusTests */,
				8CF47E612D94B94D00205465 /* CyprusUITests */,
			);
		};
/* End PBXProject section */

/* Begin PBXResourcesBuildPhase section */
		8CF47E462D94B94A00205465 /* Resources */ = {
			isa = PBXResourcesBuildPhase;
			buildActionMask = 2147483647;
			files = (
			);
			runOnlyForDeploymentPostprocessing = 0;
		};
		8CF47E562D94B94D00205465 /* Resources */ = {
			isa = PBXResourcesBuildPhase;
			buildActionMask = 2147483647;
			files = (
			);
			runOnlyForDeploymentPostprocessing = 0;
		};
		8CF47E602D94B94D00205465 /* Resources */ = {
			isa = PBXResourcesBuildPhase;
			buildActionMask = 2147483647;
			files = (
			);
			runOnlyForDeploymentPostprocessing = 0;
		};
/* End PBXResourcesBuildPhase section */

/* Begin PBXSourcesBuildPhase section */
		8CF47E442D94B94A00205465 /* Sources */ = {
			isa = PBXSourcesBuildPhase;
			buildActionMask = 2147483647;
			files = (
			);
			runOnlyForDeploymentPostprocessing = 0;
		};
		8CF47E542D94B94D00205465 /* Sources */ = {
			isa = PBXSourcesBuildPhase;
			buildActionMask = 2147483647;
			files = (
			);
			runOnlyForDeploymentPostprocessing = 0;
		};
		8CF47E5E2D94B94D00205465 /* Sources */ = {
			isa = PBXSourcesBuildPhase;
			buildActionMask = 2147483647;
			files = (
			);
			runOnlyForDeploymentPostprocessing = 0;
		};
/* End PBXSourcesBuildPhase section */

/* Begin PBXTargetDependency section */
		8CF47E5A2D94B94D00205465 /* PBXTargetDependency */ = {
			isa = PBXTargetDependency;
			target = 8CF47E472D94B94A00205465 /* Cyprus */;
			targetProxy = 8CF47E592D94B94D00205465 /* PBXContainerItemProxy */;
		};
		8CF47E642D94B94D00205465 /* PBXTargetDependency */ = {
			isa = PBXTargetDependency;
			target = 8CF47E472D94B94A00205465 /* Cyprus */;
			targetProxy = 8CF47E632D94B94D00205465 /* PBXContainerItemProxy */;
		};
/* End PBXTargetDependency section */

/* Begin XCBuildConfiguration section */
		8CF47E6A2D94B94D00205465 /* Debug */ = {
			isa = XCBuildConfiguration;
			buildSettings = {
				ALWAYS_SEARCH_USER_PATHS = NO;
				ASSETCATALOG_COMPILER_GENERATE_SWIFT_ASSET_SYMBOL_EXTENSIONS = YES;
				CLANG_ANALYZER_NONNULL = YES;
				CLANG_ANALYZER_NUMBER_OBJECT_CONVERSION = YES_AGGRESSIVE;
				CLANG_CXX_LANGUAGE_STANDARD = "gnu++20";
				CLANG_ENABLE_MODULES = YES;
				CLANG_ENABLE_OBJC_ARC = YES;
				CLANG_ENABLE_OBJC_WEAK = YES;
				CLANG_WARN_BLOCK_CAPTURE_AUTORELEASING = YES;
				CLANG_WARN_BOOL_CONVERSION = YES;
				CLANG_WARN_COMMA = YES;
				CLANG_WARN_CONSTANT_CONVERSION = YES;
				CLANG_WARN_DEPRECATED_OBJC_IMPLEMENTATIONS = YES;
				CLANG_WARN_DIRECT_OBJC_ISA_USAGE = YES_ERROR;
				CLANG_WARN_DOCUMENTATION_COMMENTS = YES;
				CLANG_WARN_EMPTY_BODY = YES;
				CLANG_WARN_ENUM_CONVERSION = YES;
				CLANG_WARN_INFINITE_RECURSION = YES;
				CLANG_WARN_INT_CONVERSION = YES;
				CLANG_WARN_NON_LITERAL_NULL_CONVERSION = YES;
				CLANG_WARN_OBJC_IMPLICIT_RETAIN_SELF = YES;
				CLANG_WARN_OBJC_LITERAL_CONVERSION = YES;
				CLANG_WARN_OBJC_ROOT_CLASS = YES_ERROR;
				CLANG_WARN_QUOTED_INCLUDE_IN_FRAMEWORK_HEADER = YES;
				CLANG_WARN_RANGE_LOOP_ANALYSIS = YES;
				CLANG_WARN_STRICT_PROTOTYPES = YES;
				CLANG_WARN_SUSPICIOUS_MOVE = YES;
				CLANG_WARN_UNGUARDED_AVAILABILITY = YES_AGGRESSIVE;
				CLANG_WARN_UNREACHABLE_CODE = YES;
				CLANG_WARN__DUPLICATE_METHOD_MATCH = YES;
				COPY_PHASE_STRIP = NO;
				DEBUG_INFORMATION_FORMAT = dwarf;
				ENABLE_STRICT_OBJC_MSGSEND = YES;
				ENABLE_TESTABILITY = YES;
				ENABLE_USER_SCRIPT_SANDBOXING = YES;
				GCC_C_LANGUAGE_STANDARD = gnu17;
				GCC_DYNAMIC_NO_PIC = NO;
				GCC_NO_COMMON_BLOCKS = YES;
				GCC_OPTIMIZATION_LEVEL = 0;
				GCC_PREPROCESSOR_DEFINITIONS = (
					"DEBUG=1",
					"$(inherited)",
				);
				GCC_WARN_64_TO_32_BIT_CONVERSION = YES;
				GCC_WARN_ABOUT_RETURN_TYPE = YES_ERROR;
				GCC_WARN_UNDECLARED_SELECTOR = YES;
				GCC_WARN_UNINITIALIZED_AUTOS = YES_AGGRESSIVE;
				GCC_WARN_UNUSED_FUNCTION = YES;
				GCC_WARN_UNUSED_VARIABLE = YES;
				IPHONEOS_DEPLOYMENT_TARGET = 18.2;
				LOCALIZATION_PREFERS_STRING_CATALOGS = YES;
				MTL_ENABLE_DEBUG_INFO = INCLUDE_SOURCE;
				MTL_FAST_MATH = YES;
				ONLY_ACTIVE_ARCH = YES;
				SDKROOT = iphoneos;
				SWIFT_ACTIVE_COMPILATION_CONDITIONS = "DEBUG $(inherited)";
				SWIFT_OPTIMIZATION_LEVEL = "-Onone";
			};
			name = Debug;
		};
		8CF47E6B2D94B94D00205465 /* Release */ = {
			isa = XCBuildConfiguration;
			buildSettings = {
				ALWAYS_SEARCH_USER_PATHS = NO;
				ASSETCATALOG_COMPILER_GENERATE_SWIFT_ASSET_SYMBOL_EXTENSIONS = YES;
				CLANG_ANALYZER_NONNULL = YES;
				CLANG_ANALYZER_NUMBER_OBJECT_CONVERSION = YES_AGGRESSIVE;
				CLANG_CXX_LANGUAGE_STANDARD = "gnu++20";
				CLANG_ENABLE_MODULES = YES;
				CLANG_ENABLE_OBJC_ARC = YES;
				CLANG_ENABLE_OBJC_WEAK = YES;
				CLANG_WARN_BLOCK_CAPTURE_AUTORELEASING = YES;
				CLANG_WARN_BOOL_CONVERSION = YES;
				CLANG_WARN_COMMA = YES;
				CLANG_WARN_CONSTANT_CONVERSION = YES;
				CLANG_WARN_DEPRECATED_OBJC_IMPLEMENTATIONS = YES;
				CLANG_WARN_DIRECT_OBJC_ISA_USAGE = YES_ERROR;
				CLANG_WARN_DOCUMENTATION_COMMENTS = YES;
				CLANG_WARN_EMPTY_BODY = YES;
				CLANG_WARN_ENUM_CONVERSION = YES;
				CLANG_WARN_INFINITE_RECURSION = YES;
				CLANG_WARN_INT_CONVERSION = YES;
				CLANG_WARN_NON_LITERAL_NULL_CONVERSION = YES;
				CLANG_WARN_OBJC_IMPLICIT_RETAIN_SELF = YES;
				CLANG_WARN_OBJC_LITERAL_CONVERSION = YES;
				CLANG_WARN_OBJC_ROOT_CLASS = YES_ERROR;
				CLANG_WARN_QUOTED_INCLUDE_IN_FRAMEWORK_HEADER = YES;
				CLANG_WARN_RANGE_LOOP_ANALYSIS = YES;
				CLANG_WARN_STRICT_PROTOTYPES = YES;
				CLANG_WARN_SUSPICIOUS_MOVE = YES;
				CLANG_WARN_UNGUARDED_AVAILABILITY = YES_AGGRESSIVE;
				CLANG_WARN_UNREACHABLE_CODE = YES;
				CLANG_WARN__DUPLICATE_METHOD_MATCH = YES;
				COPY_PHASE_STRIP = NO;
				DEBUG_INFORMATION_FORMAT = "dwarf-with-dsym";
				ENABLE_NS_ASSERTIONS = NO;
				ENABLE_STRICT_OBJC_MSGSEND = YES;
				ENABLE_USER_SCRIPT_SANDBOXING = YES;
				GCC_C_LANGUAGE_STANDARD = gnu17;
				GCC_NO_COMMON_BLOCKS = YES;
				GCC_WARN_64_TO_32_BIT_CONVERSION = YES;
				GCC_WARN_ABOUT_RETURN_TYPE = YES_ERROR;
				GCC_WARN_UNDECLARED_SELECTOR = YES;
				GCC_WARN_UNINITIALIZED_AUTOS = YES_AGGRESSIVE;
				GCC_WARN_UNUSED_FUNCTION = YES;
				GCC_WARN_UNUSED_VARIABLE = YES;
				IPHONEOS_DEPLOYMENT_TARGET = 18.2;
				LOCALIZATION_PREFERS_STRING_CATALOGS = YES;
				MTL_ENABLE_DEBUG_INFO = NO;
				MTL_FAST_MATH = YES;
				SDKROOT = iphoneos;
				SWIFT_COMPILATION_MODE = wholemodule;
				VALIDATE_PRODUCT = YES;
			};
			name = Release;
		};
		8CF47E6D2D94B94D00205465 /* Debug */ = {
			isa = XCBuildConfiguration;
			buildSettings = {
				ASSETCATALOG_COMPILER_APPICON_NAME = AppIcon;
				ASSETCATALOG_COMPILER_GLOBAL_ACCENT_COLOR_NAME = AccentColor;
				CODE_SIGN_STYLE = Automatic;
				CURRENT_PROJECT_VERSION = 1;
				DEVELOPMENT_ASSET_PATHS = "\"Cyprus/Preview Content\"";
				ENABLE_PREVIEWS = YES;
				GENERATE_INFOPLIST_FILE = YES;
				INFOPLIST_KEY_UIApplicationSceneManifest_Generation = YES;
				INFOPLIST_KEY_UIApplicationSupportsIndirectInputEvents = YES;
				INFOPLIST_KEY_UILaunchScreen_Generation = YES;
				INFOPLIST_KEY_UISupportedInterfaceOrientations_iPad = "UIInterfaceOrientationPortrait UIInterfaceOrientationPortraitUpsideDown UIInterfaceOrientationLandscapeLeft UIInterfaceOrientationLandscapeRight";
				INFOPLIST_KEY_UISupportedInterfaceOrientations_iPhone = "UIInterfaceOrientationPortrait UIInterfaceOrientationLandscapeLeft UIInterfaceOrientationLandscapeRight";
				LD_RUNPATH_SEARCH_PATHS = (
					"$(inherited)",
					"@executable_path/Frameworks",
				);
				MARKETING_VERSION = 1.0;
				PRODUCT_BUNDLE_IDENTIFIER = com.MustafaAfridi.Cyprus;
				PRODUCT_NAME = "$(TARGET_NAME)";
				SWIFT_EMIT_LOC_STRINGS = YES;
				SWIFT_VERSION = 5.0;
				TARGETED_DEVICE_FAMILY = "1,2";
			};
			name = Debug;
		};
		8CF47E6E2D94B94D00205465 /* Release */ = {
			isa = XCBuildConfiguration;
			buildSettings = {
				ASSETCATALOG_COMPILER_APPICON_NAME = AppIcon;
				ASSETCATALOG_COMPILER_GLOBAL_ACCENT_COLOR_NAME = AccentColor;
				CODE_SIGN_STYLE = Automatic;
				CURRENT_PROJECT_VERSION = 1;
				DEVELOPMENT_ASSET_PATHS = "\"Cyprus/Preview Content\"";
				ENABLE_PREVIEWS = YES;
				GENERATE_INFOPLIST_FILE = YES;
				INFOPLIST_KEY_UIApplicationSceneManifest_Generation = YES;
				INFOPLIST_KEY_UIApplicationSupportsIndirectInputEvents = YES;
				INFOPLIST_KEY_UILaunchScreen_Generation = YES;
				INFOPLIST_KEY_UISupportedInterfaceOrientations_iPad = "UIInterfaceOrientationPortrait UIInterfaceOrientationPortraitUpsideDown UIInterfaceOrientationLandscapeLeft UIInterfaceOrientationLandscapeRight";
				INFOPLIST_KEY_UISupportedInterfaceOrientations_iPhone = "UIInterfaceOrientationPortrait UIInterfaceOrientationLandscapeLeft UIInterfaceOrientationLandscapeRight";
				LD_RUNPATH_SEARCH_PATHS = (
					"$(inherited)",
					"@executable_path/Frameworks",
				);
				MARKETING_VERSION = 1.0;
				PRODUCT_BUNDLE_IDENTIFIER = com.MustafaAfridi.Cyprus;
				PRODUCT_NAME = "$(TARGET_NAME)";
				SWIFT_EMIT_LOC_STRINGS = YES;
				SWIFT_VERSION = 5.0;
				TARGETED_DEVICE_FAMILY = "1,2";
			};
			name = Release;
		};
		8CF47E702D94B94D00205465 /* Debug */ = {
			isa = XCBuildConfiguration;
			buildSettings = {
				BUNDLE_LOADER = "$(TEST_HOST)";
				CODE_SIGN_STYLE = Automatic;
				CURRENT_PROJECT_VERSION = 1;
				GENERATE_INFOPLIST_FILE = YES;
				IPHONEOS_DEPLOYMENT_TARGET = 18.2;
				MARKETING_VERSION = 1.0;
				PRODUCT_BUNDLE_IDENTIFIER = com.MustafaAfridi.CyprusTests;
				PRODUCT_NAME = "$(TARGET_NAME)";
				SWIFT_EMIT_LOC_STRINGS = NO;
				SWIFT_VERSION = 5.0;
				TARGETED_DEVICE_FAMILY = "1,2";
				TEST_HOST = "$(BUILT_PRODUCTS_DIR)/Cyprus.app/$(BUNDLE_EXECUTABLE_FOLDER_PATH)/Cyprus";
			};
			name = Debug;
		};
		8CF47E712D94B94D00205465 /* Release */ = {
			isa = XCBuildConfiguration;
			buildSettings = {
				BUNDLE_LOADER = "$(TEST_HOST)";
				CODE_SIGN_STYLE = Automatic;
				CURRENT_PROJECT_VERSION = 1;
				GENERATE_INFOPLIST_FILE = YES;
				IPHONEOS_DEPLOYMENT_TARGET = 18.2;
				MARKETING_VERSION = 1.0;
				PRODUCT_BUNDLE_IDENTIFIER = com.MustafaAfridi.CyprusTests;
				PRODUCT_NAME = "$(TARGET_NAME)";
				SWIFT_EMIT_LOC_STRINGS = NO;
				SWIFT_VERSION = 5.0;
				TARGETED_DEVICE_FAMILY = "1,2";
				TEST_HOST = "$(BUILT_PRODUCTS_DIR)/Cyprus.app/$(BUNDLE_EXECUTABLE_FOLDER_PATH)/Cyprus";
			};
			name = Release;
		};
		8CF47E732D94B94D00205465 /* Debug */ = {
			isa = XCBuildConfiguration;
			buildSettings = {
				CODE_SIGN_STYLE = Automatic;
				CURRENT_PROJECT_VERSION = 1;
				GENERATE_INFOPLIST_FILE = YES;
				MARKETING_VERSION = 1.0;
				PRODUCT_BUNDLE_IDENTIFIER = com.MustafaAfridi.CyprusUITests;
				PRODUCT_NAME = "$(TARGET_NAME)";
				SWIFT_EMIT_LOC_STRINGS = NO;
				SWIFT_VERSION = 5.0;
				TARGETED_DEVICE_FAMILY = "1,2";
				TEST_TARGET_NAME = Cyprus;
			};
			name = Debug;
		};
		8CF47E742D94B94D00205465 /* Release */ = {
			isa = XCBuildConfiguration;
			buildSettings = {
				CODE_SIGN_STYLE = Automatic;
				CURRENT_PROJECT_VERSION = 1;
				GENERATE_INFOPLIST_FILE = YES;
				MARKETING_VERSION = 1.0;
				PRODUCT_BUNDLE_IDENTIFIER = com.MustafaAfridi.CyprusUITests;
				PRODUCT_NAME = "$(TARGET_NAME)";
				SWIFT_EMIT_LOC_STRINGS = NO;
				SWIFT_VERSION = 5.0;
				TARGETED_DEVICE_FAMILY = "1,2";
				TEST_TARGET_NAME = Cyprus;
			};
			name = Release;
		};
/* End XCBuildConfiguration section */

/* Begin XCConfigurationList section */
		8CF47E432D94B94A00205465 /* Build configuration list for PBXProject "Cyprus" */ = {
			isa = XCConfigurationList;
			buildConfigurations = (
				8CF47E6A2D94B94D00205465 /* Debug */,
				8CF47E6B2D94B94D00205465 /* Release */,
			);
			defaultConfigurationIsVisible = 0;
			defaultConfigurationName = Release;
		};
		8CF47E6C2D94B94D00205465 /* Build configuration list for PBXNativeTarget "Cyprus" */ = {
			isa = XCConfigurationList;
			buildConfigurations = (
				8CF47E6D2D94B94D00205465 /* Debug */,
				8CF47E6E2D94B94D00205465 /* Release */,
			);
			defaultConfigurationIsVisible = 0;
			defaultConfigurationName = Release;
		};
		8CF47E6F2D94B94D00205465 /* Build configuration list for PBXNativeTarget "CyprusTests" */ = {
			isa = XCConfigurationList;
			buildConfigurations = (
				8CF47E702D94B94D00205465 /* Debug */,
				8CF47E712D94B94D00205465 /* Release */,
			);
			defaultConfigurationIsVisible = 0;
			defaultConfigurationName = Release;
		};
		8CF47E722D94B94D00205465 /* Build configuration list for PBXNativeTarget "CyprusUITests" */ = {
			isa = XCConfigurationList;
			buildConfigurations = (
				8CF47E732D94B94D00205465 /* Debug */,
				8CF47E742D94B94D00205465 /* Release */,
			);
			defaultConfigurationIsVisible = 0;
			defaultConfigurationName = Release;
		};
/* End XCConfigurationList section */

/* Begin XCRemoteSwiftPackageReference section */
		8CF47E772D94BF9800205465 /* XCRemoteSwiftPackageReference "firebase-ios-sdk" */ = {
			isa = XCRemoteSwiftPackageReference;
			repositoryURL = "https://github.com/firebase/firebase-ios-sdk";
			requirement = {
				kind = upToNextMajorVersion;
				minimumVersion = 11.10.0;
			};
		};
/* End XCRemoteSwiftPackageReference section */

/* Begin XCSwiftPackageProductDependency section */
		8CA3B2B62D964A3B0009C0D6 /* FirebaseFirestoreCombine-Community */ = {
			isa = XCSwiftPackageProductDependency;
			package = 8CF47E772D94BF9800205465 /* XCRemoteSwiftPackageReference "firebase-ios-sdk" */;
			productName = "FirebaseFirestoreCombine-Community";
		};
		8CA3B2B82D964A3B0009C0D6 /* FirebaseStorageCombine-Community */ = {
			isa = XCSwiftPackageProductDependency;
			package = 8CF47E772D94BF9800205465 /* XCRemoteSwiftPackageReference "firebase-ios-sdk" */;
			productName = "FirebaseStorageCombine-Community";
		};
		8CF47E782D94BF9800205465 /* FirebaseAnalytics */ = {
			isa = XCSwiftPackageProductDependency;
			package = 8CF47E772D94BF9800205465 /* XCRemoteSwiftPackageReference "firebase-ios-sdk" */;
			productName = FirebaseAnalytics;
		};
		8CF47E7A2D94BF9800205465 /* FirebaseAppCheck */ = {
			isa = XCSwiftPackageProductDependency;
			package = 8CF47E772D94BF9800205465 /* XCRemoteSwiftPackageReference "firebase-ios-sdk" */;
			productName = FirebaseAppCheck;
		};
		8CF47E7C2D94BF9800205465 /* FirebaseAuth */ = {
			isa = XCSwiftPackageProductDependency;
			package = 8CF47E772D94BF9800205465 /* XCRemoteSwiftPackageReference "firebase-ios-sdk" */;
			productName = FirebaseAuth;
		};
		8CF47E7E2D94BF9800205465 /* FirebaseAuthCombine-Community */ = {
			isa = XCSwiftPackageProductDependency;
			package = 8CF47E772D94BF9800205465 /* XCRemoteSwiftPackageReference "firebase-ios-sdk" */;
			productName = "FirebaseAuthCombine-Community";
		};
		8CF47E802D94BF9800205465 /* FirebaseDatabase */ = {
			isa = XCSwiftPackageProductDependency;
			package = 8CF47E772D94BF9800205465 /* XCRemoteSwiftPackageReference "firebase-ios-sdk" */;
			productName = FirebaseDatabase;
		};
		8CF47E822D94BF9800205465 /* FirebaseFirestore */ = {
			isa = XCSwiftPackageProductDependency;
			package = 8CF47E772D94BF9800205465 /* XCRemoteSwiftPackageReference "firebase-ios-sdk" */;
			productName = FirebaseFirestore;
		};
		8CF47E842D94BF9800205465 /* FirebaseFunctions */ = {
			isa = XCSwiftPackageProductDependency;
			package = 8CF47E772D94BF9800205465 /* XCRemoteSwiftPackageReference "firebase-ios-sdk" */;
			productName = FirebaseFunctions;
		};
		8CF47E862D94BF9800205465 /* FirebaseStorage */ = {
			isa = XCSwiftPackageProductDependency;
			package = 8CF47E772D94BF9800205465 /* XCRemoteSwiftPackageReference "firebase-ios-sdk" */;
			productName = FirebaseStorage;
		};
/* End XCSwiftPackageProductDependency section */
	};
	rootObject = 8CF47E402D94B94A00205465 /* Project object */;
}
